{
  "nodes": {
    "flake-utils": {
      "locked": {
        "lastModified": 1637014545,
        "narHash": "sha256-26IZAc5yzlD9FlDT54io1oqG/bBoyka+FJk5guaX4x4=",
        "owner": "numtide",
        "repo": "flake-utils",
        "rev": "bba5dcc8e0b20ab664967ad83d24d64cb64ec4f4",
        "type": "github"
      },
      "original": {
        "owner": "numtide",
        "repo": "flake-utils",
        "type": "github"
      }
    },
    "nixpkgs": {
      "locked": {
        "lastModified": 1650302771,
        "narHash": "sha256-x2foQq3AWObhk+bgRjN+Mfgx5JvOyzS+P5KC6JqzVsU=",
        "owner": "peperunas",
        "repo": "nixpkgs",
        "rev": "c44e4498ceff21d3a471aedfc8a9137126cdfddf",
        "type": "github"
      },
      "original": {
        "owner": "peperunas",
        "ref": "llvm-i686-cross-fix",
        "repo": "nixpkgs",
        "type": "github"
      }
    },
    "root": {
      "inputs": {
        "flake-utils": "flake-utils",
        "nixpkgs": "nixpkgs"
      }
    }
  },
  "root": "root",
  "version": 7
}
